
Microsoft Visual Studio Solution File, Format Version 12.00
# Visual Studio Version 16
VisualStudioVersion = 16.0.29709.97
MinimumVisualStudioVersion = 10.0.40219.1
Project("{FAE04EC0-301F-11D3-BF4B-00C04F79EFBC}") = "PANIN_ILYA_BACO.02.19_PRAKTIKA_4.4", "PANIN_ILYA_BACO.02.19_PRAKTIKA_4.4.csproj", "{C62BE242-6315-4C1B-A922-C026782F8359}"
EndProject
Global
	GlobalSection(SolutionConfigurationPlatforms) = preSolution
		Debug|Any CPU = Debug|Any CPU
		Release|Any CPU = Release|Any CPU
	EndGlobalSection
	GlobalSection(ProjectConfigurationPlatforms) = postSolution
		{C62BE242-6315-4C1B-A922-C026782F8359}.Debug|Any CPU.ActiveCfg = Debug|Any CPU
		{C62BE242-6315-4C1B-A922-C026782F8359}.Debug|Any CPU.Build.0 = Debug|Any CPU
		{C62BE242-6315-4C1B-A922-C026782F8359}.Release|Any CPU.ActiveCfg = Release|Any CPU
		{C62BE242-6315-4C1B-A922-C026782F8359}.Release|Any CPU.Build.0 = Release|Any CPU
	EndGlobalSection
	GlobalSection(SolutionProperties) = preSolution
		HideSolutionNode = FALSE
	EndGlobalSection
	GlobalSection(ExtensibilityGlobals) = postSolution
		SolutionGuid = {63537CEE-897B-4AB8-A08C-9DE40D61C1CE}
	EndGlobalSection
EndGlobal
